{
  "name": "TrueCut Barbershop",
  "lockfileVersion": 3,
  "requires": true,
  "packages": {
    "": {
      "dependencies": {
        "@onlinecity/gatewayapi-node": "^0.1.1"
      }
    },
    "node_modules/@onlinecity/gatewayapi-node": {
      "version": "0.1.1",
      "resolved": "https://registry.npmjs.org/@onlinecity/gatewayapi-node/-/gatewayapi-node-0.1.1.tgz",
      "integrity": "sha512-jRvQaRiXmb4XfYh7loIDuDUJWi9tLRniwHBRD3RUu9pAm/lCTednAKq2vEBUBV/hCiiP04ldWK4iVq51HcVJuQ==",
      "license": "MIT"
    }
  }
}
